<?xml version="1.0" encoding="utf-8"?>
<Project ToolsVersion="4.0" xmlns="http://schemas.microsoft.com/developer/msbuild/2003">
  <ItemGroup>
    <ClCompile Include="..\src\List.cpp">
      <Filter>Source</Filter>
    </ClCompile>
    <ClCompile Include="..\src\Map.cpp">
      <Filter>Source</Filter>
    </ClCompile>
    <ClCompile Include="..\src\MQ2Collections.cpp">
      <Filter>Source</Filter>
    </ClCompile>
    <ClCompile Include="..\src\Queue.cpp">
      <Filter>Source</Filter>
    </ClCompile>
    <ClCompile Include="..\src\Set.cpp">
      <Filter>Source</Filter>
    </ClCompile>
    <ClCompile Include="..\src\Stack.cpp">
      <Filter>Source</Filter>
    </ClCompile>
    <ClCompile Include="..\src\Types.cpp">
      <Filter>Source</Filter>
    </ClCompile>
  </ItemGroup>
  <ItemGroup>
    <ClInclude Include="..\includes\BufferManager.h">
      <Filter>Includes</Filter>
    </ClInclude>
    <ClInclude Include="..\includes\Collections.h">
      <Filter>Includes</Filter>
    </ClInclude>
    <ClInclude Include="..\includes\Conversions.h">
      <Filter>Includes</Filter>
    </ClInclude>
    <ClInclude Include="..\includes\List.h">
      <Filter>Includes</Filter>
    </ClInclude>
    <ClInclude Include="..\includes\Macros.h">
      <Filter>Includes</Filter>
    </ClInclude>
    <ClInclude Include="..\includes\Map.h">
      <Filter>Includes</Filter>
    </ClInclude>
    <ClInclude Include="..\includes\Queue.h">
      <Filter>Includes</Filter>
    </ClInclude>
    <ClInclude Include="..\includes\resource.h">
      <Filter>Includes</Filter>
    </ClInclude>
    <ClInclude Include="..\includes\Set.h">
      <Filter>Includes</Filter>
    </ClInclude>
    <ClInclude Include="..\includes\Stack.h">
      <Filter>Includes</Filter>
    </ClInclude>
    <ClInclude Include="..\includes\StringExtensions.h">
      <Filter>Includes</Filter>
    </ClInclude>
    <ClInclude Include="..\includes\Types.h">
      <Filter>Includes</Filter>
    </ClInclude>
  </ItemGroup>
  <ItemGroup>
    <Filter Include="Includes">
      <UniqueIdentifier>{59f6c684-b217-4ca8-92d9-368bb5af6575}</UniqueIdentifier>
    </Filter>
    <Filter Include="Resources">
      <UniqueIdentifier>{85215cc0-4c02-499f-bda4-ea4dfe949ce4}</UniqueIdentifier>
    </Filter>
    <Filter Include="Source">
      <UniqueIdentifier>{702036ce-80d9-4d16-a675-f08d3e5c8faf}</UniqueIdentifier>
    </Filter>
  </ItemGroup>
  <ItemGroup>
    <ResourceCompile Include="..\src\MQ2Collections.rc">
      <Filter>Resources</Filter>
    </ResourceCompile>
  </ItemGroup>
</Project>